
Microsoft Visual Studio Solution File, Format Version 12.00
# Visual Studio 2017
Project("{FAE04EC0-301F-11D3-BF4B-00C04F79EFBC}") = "MiPortal", "MiPortal.csproj", "{E1BD8C6E-E258-2329-9D13-268B497A2E37}"
EndProject
Project("{FAE04EC0-301F-11D3-BF4B-00C04F79EFBC}") = "MiPortal.Editor", "MiPortal.Editor.csproj", "{AEF2CFD6-64A5-73BA-2AC0-969B4029CDF7}"
EndProject
Global
	GlobalSection(SolutionConfigurationPlatforms) = preSolution
		Debug|Any CPU = Debug|Any CPU
		Release|Any CPU = Release|Any CPU
	EndGlobalSection
	GlobalSection(ProjectConfigurationPlatforms) = postSolution
		{E1BD8C6E-E258-2329-9D13-268B497A2E37}.Debug|Any CPU.ActiveCfg = Debug|Any CPU
		{E1BD8C6E-E258-2329-9D13-268B497A2E37}.Debug|Any CPU.Build.0 = Debug|Any CPU
		{E1BD8C6E-E258-2329-9D13-268B497A2E37}.Release|Any CPU.ActiveCfg = Release|Any CPU
		{E1BD8C6E-E258-2329-9D13-268B497A2E37}.Release|Any CPU.Build.0 = Release|Any CPU
		{AEF2CFD6-64A5-73BA-2AC0-969B4029CDF7}.Debug|Any CPU.ActiveCfg = Debug|Any CPU
		{AEF2CFD6-64A5-73BA-2AC0-969B4029CDF7}.Debug|Any CPU.Build.0 = Debug|Any CPU
		{AEF2CFD6-64A5-73BA-2AC0-969B4029CDF7}.Release|Any CPU.ActiveCfg = Release|Any CPU
		{AEF2CFD6-64A5-73BA-2AC0-969B4029CDF7}.Release|Any CPU.Build.0 = Release|Any CPU
	EndGlobalSection
	GlobalSection(SolutionProperties) = preSolution
		HideSolutionNode = FALSE
	EndGlobalSection
EndGlobal
